
Microsoft Visual Studio Solution File, Format Version 12.00
# Visual Studio Version 16
VisualStudioVersion = 16.0.31205.134
MinimumVisualStudioVersion = 10.0.40219.1
Project("{FAE04EC0-301F-11D3-BF4B-00C04F79EFBC}") = "BellApp.Android", "BellApp\BellApp.Android\BellApp.Android.csproj", "{C19E24AC-40C8-4129-87DC-EDC55297099E}"
EndProject
Project("{FAE04EC0-301F-11D3-BF4B-00C04F79EFBC}") = "BellApp.iOS", "BellApp\BellApp.iOS\BellApp.iOS.csproj", "{ADE977AD-0C05-4864-A21E-B95B294080D4}"
EndProject
Project("{9A19103F-16F7-4668-BE54-9A1E7A4F7556}") = "BellApp", "BellApp\BellApp\BellApp.csproj", "{FBCAB1F3-822E-4F19-9298-7AC4CBA91E89}"
EndProject
Global
	GlobalSection(SolutionConfigurationPlatforms) = preSolution
		Debug|Any CPU = Debug|Any CPU
		Debug|ARM = Debug|ARM
		Debug|iPhone = Debug|iPhone
		Debug|iPhoneSimulator = Debug|iPhoneSimulator
		Debug|x64 = Debug|x64
		Debug|x86 = Debug|x86
		Release|Any CPU = Release|Any CPU
		Release|ARM = Release|ARM
		Release|iPhone = Release|iPhone
		Release|iPhoneSimulator = Release|iPhoneSimulator
		Release|x64 = Release|x64
		Release|x86 = Release|x86
	EndGlobalSection
	GlobalSection(ProjectConfigurationPlatforms) = postSolution
		{C19E24AC-40C8-4129-87DC-EDC55297099E}.Debug|Any CPU.ActiveCfg = Debug|Any CPU
		{C19E24AC-40C8-4129-87DC-EDC55297099E}.Debug|Any CPU.Build.0 = Debug|Any CPU
		{C19E24AC-40C8-4129-87DC-EDC55297099E}.Debug|Any CPU.Deploy.0 = Debug|Any CPU
		{C19E24AC-40C8-4129-87DC-EDC55297099E}.Debug|ARM.ActiveCfg = Debug|Any CPU
		{C19E24AC-40C8-4129-87DC-EDC55297099E}.Debug|ARM.Build.0 = Debug|Any CPU
		{C19E24AC-40C8-4129-87DC-EDC55297099E}.Debug|ARM.Deploy.0 = Debug|Any CPU
		{C19E24AC-40C8-4129-87DC-EDC55297099E}.Debug|iPhone.ActiveCfg = Debug|Any CPU
		{C19E24AC-40C8-4129-87DC-EDC55297099E}.Debug|iPhone.Build.0 = Debug|Any CPU
		{C19E24AC-40C8-4129-87DC-EDC55297099E}.Debug|iPhone.Deploy.0 = Debug|Any CPU
		{C19E24AC-40C8-4129-87DC-EDC55297099E}.Debug|iPhoneSimulator.ActiveCfg = Debug|Any CPU
		{C19E24AC-40C8-4129-87DC-EDC55297099E}.Debug|iPhoneSimulator.Build.0 = Debug|Any CPU
		{C19E24AC-40C8-4129-87DC-EDC55297099E}.Debug|iPhoneSimulator.Deploy.0 = Debug|Any CPU
		{C19E24AC-40C8-4129-87DC-EDC55297099E}.Debug|x64.ActiveCfg = Debug|Any CPU
		{C19E24AC-40C8-4129-87DC-EDC55297099E}.Debug|x64.Build.0 = Debug|Any CPU
		{C19E24AC-40C8-4129-87DC-EDC55297099E}.Debug|x64.Deploy.0 = Debug|Any CPU
		{C19E24AC-40C8-4129-87DC-EDC55297099E}.Debug|x86.ActiveCfg = Debug|Any CPU
		{C19E24AC-40C8-4129-87DC-EDC55297099E}.Debug|x86.Build.0 = Debug|Any CPU
		{C19E24AC-40C8-4129-87DC-EDC55297099E}.Debug|x86.Deploy.0 = Debug|Any CPU
		{C19E24AC-40C8-4129-87DC-EDC55297099E}.Release|Any CPU.ActiveCfg = Release|Any CPU
		{C19E24AC-40C8-4129-87DC-EDC55297099E}.Release|Any CPU.Build.0 = Release|Any CPU
		{C19E24AC-40C8-4129-87DC-EDC55297099E}.Release|Any CPU.Deploy.0 = Release|Any CPU
		{C19E24AC-40C8-4129-87DC-EDC55297099E}.Release|ARM.ActiveCfg = Release|Any CPU
		{C19E24AC-40C8-4129-87DC-EDC55297099E}.Release|ARM.Build.0 = Release|Any CPU
		{C19E24AC-40C8-4129-87DC-EDC55297099E}.Release|ARM.Deploy.0 = Release|Any CPU
		{C19E24AC-40C8-4129-87DC-EDC55297099E}.Release|iPhone.ActiveCfg = Release|Any CPU
		{C19E24AC-40C8-4129-87DC-EDC55297099E}.Release|iPhone.Build.0 = Release|Any CPU
		{C19E24AC-40C8-4129-87DC-EDC55297099E}.Release|iPhone.Deploy.0 = Release|Any CPU
		{C19E24AC-40C8-4129-87DC-EDC55297099E}.Release|iPhoneSimulator.ActiveCfg = Release|Any CPU
		{C19E24AC-40C8-4129-87DC-EDC55297099E}.Release|iPhoneSimulator.Build.0 = Release|Any CPU
		{C19E24AC-40C8-4129-87DC-EDC55297099E}.Release|iPhoneSimulator.Deploy.0 = Release|Any CPU
		{C19E24AC-40C8-4129-87DC-EDC55297099E}.Release|x64.ActiveCfg = Release|Any CPU
		{C19E24AC-40C8-4129-87DC-EDC55297099E}.Release|x64.Build.0 = Release|Any CPU
		{C19E24AC-40C8-4129-87DC-EDC55297099E}.Release|x64.Deploy.0 = Release|Any CPU
		{C19E24AC-40C8-4129-87DC-EDC55297099E}.Release|x86.ActiveCfg = Release|Any CPU
		{C19E24AC-40C8-4129-87DC-EDC55297099E}.Release|x86.Build.0 = Release|Any CPU
		{C19E24AC-40C8-4129-87DC-EDC55297099E}.Release|x86.Deploy.0 = Release|Any CPU
		{ADE977AD-0C05-4864-A21E-B95B294080D4}.Debug|Any CPU.ActiveCfg = Debug|iPhoneSimulator
		{ADE977AD-0C05-4864-A21E-B95B294080D4}.Debug|Any CPU.Build.0 = Debug|iPhoneSimulator
		{ADE977AD-0C05-4864-A21E-B95B294080D4}.Debug|Any CPU.Deploy.0 = Debug|iPhoneSimulator
		{ADE977AD-0C05-4864-A21E-B95B294080D4}.Debug|ARM.ActiveCfg = Debug|iPhone
		{ADE977AD-0C05-4864-A21E-B95B294080D4}.Debug|ARM.Build.0 = Debug|iPhone
		{ADE977AD-0C05-4864-A21E-B95B294080D4}.Debug|ARM.Deploy.0 = Debug|iPhone
		{ADE977AD-0C05-4864-A21E-B95B294080D4}.Debug|iPhone.ActiveCfg = Debug|iPhone
		{ADE977AD-0C05-4864-A21E-B95B294080D4}.Debug|iPhone.Build.0 = Debug|iPhone
		{ADE977AD-0C05-4864-A21E-B95B294080D4}.Debug|iPhone.Deploy.0 = Debug|iPhone
		{ADE977AD-0C05-4864-A21E-B95B294080D4}.Debug|iPhoneSimulator.ActiveCfg = Debug|iPhoneSimulator
		{ADE977AD-0C05-4864-A21E-B95B294080D4}.Debug|iPhoneSimulator.Build.0 = Debug|iPhoneSimulator
		{ADE977AD-0C05-4864-A21E-B95B294080D4}.Debug|iPhoneSimulator.Deploy.0 = Debug|iPhoneSimulator
		{ADE977AD-0C05-4864-A21E-B95B294080D4}.Debug|x64.ActiveCfg = Debug|iPhoneSimulator
		{ADE977AD-0C05-4864-A21E-B95B294080D4}.Debug|x64.Build.0 = Debug|iPhoneSimulator
		{ADE977AD-0C05-4864-A21E-B95B294080D4}.Debug|x64.Deploy.0 = Debug|iPhoneSimulator
		{ADE977AD-0C05-4864-A21E-B95B294080D4}.Debug|x86.ActiveCfg = Debug|iPhoneSimulator
		{ADE977AD-0C05-4864-A21E-B95B294080D4}.Debug|x86.Build.0 = Debug|iPhoneSimulator
		{ADE977AD-0C05-4864-A21E-B95B294080D4}.Debug|x86.Deploy.0 = Debug|iPhoneSimulator
		{ADE977AD-0C05-4864-A21E-B95B294080D4}.Release|Any CPU.ActiveCfg = Release|iPhoneSimulator
		{ADE977AD-0C05-4864-A21E-B95B294080D4}.Release|Any CPU.Build.0 = Release|iPhoneSimulator
		{ADE977AD-0C05-4864-A21E-B95B294080D4}.Release|Any CPU.Deploy.0 = Release|iPhoneSimulator
		{ADE977AD-0C05-4864-A21E-B95B294080D4}.Release|ARM.ActiveCfg = Release|iPhoneSimulator
		{ADE977AD-0C05-4864-A21E-B95B294080D4}.Release|ARM.Build.0 = Release|iPhoneSimulator
		{ADE977AD-0C05-4864-A21E-B95B294080D4}.Release|ARM.Deploy.0 = Release|iPhoneSimulator
		{ADE977AD-0C05-4864-A21E-B95B294080D4}.Release|iPhone.ActiveCfg = Release|iPhone
		{ADE977AD-0C05-4864-A21E-B95B294080D4}.Release|iPhone.Build.0 = Release|iPhone
		{ADE977AD-0C05-4864-A21E-B95B294080D4}.Release|iPhone.Deploy.0 = Release|iPhone
		{ADE977AD-0C05-4864-A21E-B95B294080D4}.Release|iPhoneSimulator.ActiveCfg = Release|iPhoneSimulator
		{ADE977AD-0C05-4864-A21E-B95B294080D4}.Release|iPhoneSimulator.Build.0 = Release|iPhoneSimulator
		{ADE977AD-0C05-4864-A21E-B95B294080D4}.Release|iPhoneSimulator.Deploy.0 = Release|iPhoneSimulator
		{ADE977AD-0C05-4864-A21E-B95B294080D4}.Release|x64.ActiveCfg = Release|iPhoneSimulator
		{ADE977AD-0C05-4864-A21E-B95B294080D4}.Release|x64.Build.0 = Release|iPhoneSimulator
		{ADE977AD-0C05-4864-A21E-B95B294080D4}.Release|x64.Deploy.0 = Release|iPhoneSimulator
		{ADE977AD-0C05-4864-A21E-B95B294080D4}.Release|x86.ActiveCfg = Release|iPhoneSimulator
		{ADE977AD-0C05-4864-A21E-B95B294080D4}.Release|x86.Build.0 = Release|iPhoneSimulator
		{ADE977AD-0C05-4864-A21E-B95B294080D4}.Release|x86.Deploy.0 = Release|iPhoneSimulator
		{FBCAB1F3-822E-4F19-9298-7AC4CBA91E89}.Debug|Any CPU.ActiveCfg = Debug|Any CPU
		{FBCAB1F3-822E-4F19-9298-7AC4CBA91E89}.Debug|Any CPU.Build.0 = Debug|Any CPU
		{FBCAB1F3-822E-4F19-9298-7AC4CBA91E89}.Debug|Any CPU.Deploy.0 = Debug|Any CPU
		{FBCAB1F3-822E-4F19-9298-7AC4CBA91E89}.Debug|ARM.ActiveCfg = Debug|Any CPU
		{FBCAB1F3-822E-4F19-9298-7AC4CBA91E89}.Debug|ARM.Build.0 = Debug|Any CPU
		{FBCAB1F3-822E-4F19-9298-7AC4CBA91E89}.Debug|ARM.Deploy.0 = Debug|Any CPU
		{FBCAB1F3-822E-4F19-9298-7AC4CBA91E89}.Debug|iPhone.ActiveCfg = Debug|Any CPU
		{FBCAB1F3-822E-4F19-9298-7AC4CBA91E89}.Debug|iPhone.Build.0 = Debug|Any CPU
		{FBCAB1F3-822E-4F19-9298-7AC4CBA91E89}.Debug|iPhone.Deploy.0 = Debug|Any CPU
		{FBCAB1F3-822E-4F19-9298-7AC4CBA91E89}.Debug|iPhoneSimulator.ActiveCfg = Debug|Any CPU
		{FBCAB1F3-822E-4F19-9298-7AC4CBA91E89}.Debug|iPhoneSimulator.Build.0 = Debug|Any CPU
		{FBCAB1F3-822E-4F19-9298-7AC4CBA91E89}.Debug|iPhoneSimulator.Deploy.0 = Debug|Any CPU
		{FBCAB1F3-822E-4F19-9298-7AC4CBA91E89}.Debug|x64.ActiveCfg = Debug|Any CPU
		{FBCAB1F3-822E-4F19-9298-7AC4CBA91E89}.Debug|x64.Build.0 = Debug|Any CPU
		{FBCAB1F3-822E-4F19-9298-7AC4CBA91E89}.Debug|x64.Deploy.0 = Debug|Any CPU
		{FBCAB1F3-822E-4F19-9298-7AC4CBA91E89}.Debug|x86.ActiveCfg = Debug|Any CPU
		{FBCAB1F3-822E-4F19-9298-7AC4CBA91E89}.Debug|x86.Build.0 = Debug|Any CPU
		{FBCAB1F3-822E-4F19-9298-7AC4CBA91E89}.Debug|x86.Deploy.0 = Debug|Any CPU
		{FBCAB1F3-822E-4F19-9298-7AC4CBA91E89}.Release|Any CPU.ActiveCfg = Release|Any CPU
		{FBCAB1F3-822E-4F19-9298-7AC4CBA91E89}.Release|Any CPU.Build.0 = Release|Any CPU
		{FBCAB1F3-822E-4F19-9298-7AC4CBA91E89}.Release|Any CPU.Deploy.0 = Release|Any CPU
		{FBCAB1F3-822E-4F19-9298-7AC4CBA91E89}.Release|ARM.ActiveCfg = Release|Any CPU
		{FBCAB1F3-822E-4F19-9298-7AC4CBA91E89}.Release|ARM.Build.0 = Release|Any CPU
		{FBCAB1F3-822E-4F19-9298-7AC4CBA91E89}.Release|ARM.Deploy.0 = Release|Any CPU
		{FBCAB1F3-822E-4F19-9298-7AC4CBA91E89}.Release|iPhone.ActiveCfg = Release|Any CPU
		{FBCAB1F3-822E-4F19-9298-7AC4CBA91E89}.Release|iPhone.Build.0 = Release|Any CPU
		{FBCAB1F3-822E-4F19-9298-7AC4CBA91E89}.Release|iPhone.Deploy.0 = Release|Any CPU
		{FBCAB1F3-822E-4F19-9298-7AC4CBA91E89}.Release|iPhoneSimulator.ActiveCfg = Release|Any CPU
		{FBCAB1F3-822E-4F19-9298-7AC4CBA91E89}.Release|iPhoneSimulator.Build.0 = Release|Any CPU
		{FBCAB1F3-822E-4F19-9298-7AC4CBA91E89}.Release|iPhoneSimulator.Deploy.0 = Release|Any CPU
		{FBCAB1F3-822E-4F19-9298-7AC4CBA91E89}.Release|x64.ActiveCfg = Release|Any CPU
		{FBCAB1F3-822E-4F19-9298-7AC4CBA91E89}.Release|x64.Build.0 = Release|Any CPU
		{FBCAB1F3-822E-4F19-9298-7AC4CBA91E89}.Release|x64.Deploy.0 = Release|Any CPU
		{FBCAB1F3-822E-4F19-9298-7AC4CBA91E89}.Release|x86.ActiveCfg = Release|Any CPU
		{FBCAB1F3-822E-4F19-9298-7AC4CBA91E89}.Release|x86.Build.0 = Release|Any CPU
		{FBCAB1F3-822E-4F19-9298-7AC4CBA91E89}.Release|x86.Deploy.0 = Release|Any CPU
	EndGlobalSection
	GlobalSection(SolutionProperties) = preSolution
		HideSolutionNode = FALSE
	EndGlobalSection
	GlobalSection(ExtensibilityGlobals) = postSolution
		SolutionGuid = {B07696EF-0A0D-413B-9F5E-E17FA63290E4}
	EndGlobalSection
EndGlobal
